// !$*UTF8*$!
{
	archiveVersion = 1;
	classes = {
	};
	objectVersion = 50;
	objects = {

/* Begin PBXBuildFile section */
		C77BB17523C33B0B00442EB3 /* AppDelegate.swift in Sources */ = {isa = PBXBuildFile; fileRef = C77BB17423C33B0B00442EB3 /* AppDelegate.swift */; };
		C77BB17923C33B0B00442EB3 /* ViewController.swift in Sources */ = {isa = PBXBuildFile; fileRef = C77BB17823C33B0B00442EB3 /* ViewController.swift */; };
		C77BB17C23C33B0B00442EB3 /* Main.storyboard in Resources */ = {isa = PBXBuildFile; fileRef = C77BB17A23C33B0B00442EB3 /* Main.storyboard */; };
		C77BB17E23C33B0F00442EB3 /* Assets.xcassets in Resources */ = {isa = PBXBuildFile; fileRef = C77BB17D23C33B0F00442EB3 /* Assets.xcassets */; };
		C77BB18123C33B0F00442EB3 /* LaunchScreen.storyboard in Resources */ = {isa = PBXBuildFile; fileRef = C77BB17F23C33B0F00442EB3 /* LaunchScreen.storyboard */; };
		C77BB19223C33CB800442EB3 /* Mag.framework in Frameworks */ = {isa = PBXBuildFile; fileRef = C77BB18E23C33CA700442EB3 /* Mag.framework */; };
		C77BB19323C33CB800442EB3 /* Mag.framework in Embed Frameworks */ = {isa = PBXBuildFile; fileRef = C77BB18E23C33CA700442EB3 /* Mag.framework */; settings = {ATTRIBUTES = (CodeSignOnCopy, RemoveHeadersOnCopy, ); }; };
/* End PBXBuildFile section */

/* Begin PBXContainerItemProxy section */
		C77BB18D23C33CA700442EB3 /* PBXContainerItemProxy */ = {
			isa = PBXContainerItemProxy;
			containerPortal = C77BB18823C33CA700442EB3 /* Mag.xcodeproj */;
			proxyType = 2;
			remoteGlobalIDString = C7FDF9AE2387E0B9001FF5D3;
			remoteInfo = Mag;
		};
		C77BB18F23C33CA700442EB3 /* PBXContainerItemProxy */ = {
			isa = PBXContainerItemProxy;
			containerPortal = C77BB18823C33CA700442EB3 /* Mag.xcodeproj */;
			proxyType = 2;
			remoteGlobalIDString = C7FDF9B72387E0B9001FF5D3;
			remoteInfo = MagTests;
		};
/* End PBXContainerItemProxy section */

/* Begin PBXCopyFilesBuildPhase section */
		C77BB19423C33CB800442EB3 /* Embed Frameworks */ = {
			isa = PBXCopyFilesBuildPhase;
			buildActionMask = 2147483647;
			dstPath = "";
			dstSubfolderSpec = 10;
			files = (
				C77BB19323C33CB800442EB3 /* Mag.framework in Embed Frameworks */,
			);
			name = "Embed Frameworks";
			runOnlyForDeploymentPostprocessing = 0;
		};
/* End PBXCopyFilesBuildPhase section */

/* Begin PBXFileReference section */
		C77BB17123C33B0B00442EB3 /* MagExample.app */ = {isa = PBXFileReference; explicitFileType = wrapper.application; includeInIndex = 0; path = MagExample.app; sourceTree = BUILT_PRODUCTS_DIR; };
		C77BB17423C33B0B00442EB3 /* AppDelegate.swift */ = {isa = PBXFileReference; lastKnownFileType = sourcecode.swift; path = AppDelegate.swift; sourceTree = "<group>"; };
		C77BB17823C33B0B00442EB3 /* ViewController.swift */ = {isa = PBXFileReference; lastKnownFileType = sourcecode.swift; path = ViewController.swift; sourceTree = "<group>"; };
		C77BB17B23C33B0B00442EB3 /* Base */ = {isa = PBXFileReference; lastKnownFileType = file.storyboard; name = Base; path = Base.lproj/Main.storyboard; sourceTree = "<group>"; };
		C77BB17D23C33B0F00442EB3 /* Assets.xcassets */ = {isa = PBXFileReference; lastKnownFileType = folder.assetcatalog; path = Assets.xcassets; sourceTree = "<group>"; };
		C77BB18023C33B0F00442EB3 /* Base */ = {isa = PBXFileReference; lastKnownFileType = file.storyboard; name = Base; path = Base.lproj/LaunchScreen.storyboard; sourceTree = "<group>"; };
		C77BB18223C33B0F00442EB3 /* Info.plist */ = {isa = PBXFileReference; lastKnownFileType = text.plist.xml; path = Info.plist; sourceTree = "<group>"; };
		C77BB18823C33CA700442EB3 /* Mag.xcodeproj */ = {isa = PBXFileReference; lastKnownFileType = "wrapper.pb-project"; name = Mag.xcodeproj; path = ../Mag.xcodeproj; sourceTree = "<group>"; };
/* End PBXFileReference section */

/* Begin PBXFrameworksBuildPhase section */
		C77BB16E23C33B0B00442EB3 /* Frameworks */ = {
			isa = PBXFrameworksBuildPhase;
			buildActionMask = 2147483647;
			files = (
				C77BB19223C33CB800442EB3 /* Mag.framework in Frameworks */,
			);
			runOnlyForDeploymentPostprocessing = 0;
		};
/* End PBXFrameworksBuildPhase section */

/* Begin PBXGroup section */
		C77BB16823C33B0B00442EB3 = {
			isa = PBXGroup;
			children = (
				C77BB18823C33CA700442EB3 /* Mag.xcodeproj */,
				C77BB17323C33B0B00442EB3 /* MagExample */,
				C77BB17223C33B0B00442EB3 /* Products */,
				C77BB19123C33CB800442EB3 /* Frameworks */,
			);
			sourceTree = "<group>";
		};
		C77BB17223C33B0B00442EB3 /* Products */ = {
			isa = PBXGroup;
			children = (
				C77BB17123C33B0B00442EB3 /* MagExample.app */,
			);
			name = Products;
			sourceTree = "<group>";
		};
		C77BB17323C33B0B00442EB3 /* MagExample */ = {
			isa = PBXGroup;
			children = (
				C77BB17423C33B0B00442EB3 /* AppDelegate.swift */,
				C77BB17823C33B0B00442EB3 /* ViewController.swift */,
				C77BB17A23C33B0B00442EB3 /* Main.storyboard */,
				C77BB17D23C33B0F00442EB3 /* Assets.xcassets */,
				C77BB17F23C33B0F00442EB3 /* LaunchScreen.storyboard */,
				C77BB18223C33B0F00442EB3 /* Info.plist */,
			);
			path = MagExample;
			sourceTree = "<group>";
		};
		C77BB18923C33CA700442EB3 /* Products */ = {
			isa = PBXGroup;
			children = (
				C77BB18E23C33CA700442EB3 /* Mag.framework */,
				C77BB19023C33CA700442EB3 /* MagTests.xctest */,
			);
			name = Products;
			sourceTree = "<group>";
		};
		C77BB19123C33CB800442EB3 /* Frameworks */ = {
			isa = PBXGroup;
			children = (
			);
			name = Frameworks;
			sourceTree = "<group>";
		};
/* End PBXGroup section */

/* Begin PBXNativeTarget section */
		C77BB17023C33B0B00442EB3 /* MagExample */ = {
			isa = PBXNativeTarget;
			buildConfigurationList = C77BB18523C33B0F00442EB3 /* Build configuration list for PBXNativeTarget "MagExample" */;
			buildPhases = (
				C77BB16D23C33B0B00442EB3 /* Sources */,
				C77BB16E23C33B0B00442EB3 /* Frameworks */,
				C77BB16F23C33B0B00442EB3 /* Resources */,
				C77BB19423C33CB800442EB3 /* Embed Frameworks */,
			);
			buildRules = (
			);
			dependencies = (
			);
			name = MagExample;
			productName = MagExample;
			productReference = C77BB17123C33B0B00442EB3 /* MagExample.app */;
			productType = "com.apple.product-type.application";
		};
/* End PBXNativeTarget section */

/* Begin PBXProject section */
		C77BB16923C33B0B00442EB3 /* Project object */ = {
			isa = PBXProject;
			attributes = {
				LastSwiftUpdateCheck = 1130;
				LastUpgradeCheck = 1130;
				ORGANIZATIONNAME = "CyberAgent, Inc.";
				TargetAttributes = {
					C77BB17023C33B0B00442EB3 = {
						CreatedOnToolsVersion = 11.3;
					};
				};
			};
			buildConfigurationList = C77BB16C23C33B0B00442EB3 /* Build configuration list for PBXProject "MagExample" */;
			compatibilityVersion = "Xcode 9.3";
			developmentRegion = en;
			hasScannedForEncodings = 0;
			knownRegions = (
				en,
				Base,
			);
			mainGroup = C77BB16823C33B0B00442EB3;
			productRefGroup = C77BB17223C33B0B00442EB3 /* Products */;
			projectDirPath = "";
			projectReferences = (
				{
					ProductGroup = C77BB18923C33CA700442EB3 /* Products */;
					ProjectRef = C77BB18823C33CA700442EB3 /* Mag.xcodeproj */;
				},
			);
			projectRoot = "";
			targets = (
				C77BB17023C33B0B00442EB3 /* MagExample */,
			);
		};
/* End PBXProject section */

/* Begin PBXReferenceProxy section */
		C77BB18E23C33CA700442EB3 /* Mag.framework */ = {
			isa = PBXReferenceProxy;
			fileType = wrapper.framework;
			path = Mag.framework;
			remoteRef = C77BB18D23C33CA700442EB3 /* PBXContainerItemProxy */;
			sourceTree = BUILT_PRODUCTS_DIR;
		};
		C77BB19023C33CA700442EB3 /* MagTests.xctest */ = {
			isa = PBXReferenceProxy;
			fileType = wrapper.cfbundle;
			path = MagTests.xctest;
			remoteRef = C77BB18F23C33CA700442EB3 /* PBXContainerItemProxy */;
			sourceTree = BUILT_PRODUCTS_DIR;
		};
/* End PBXReferenceProxy section */

/* Begin PBXResourcesBuildPhase section */
		C77BB16F23C33B0B00442EB3 /* Resources */ = {
			isa = PBXResourcesBuildPhase;
			buildActionMask = 2147483647;
			files = (
				C77BB18123C33B0F00442EB3 /* LaunchScreen.storyboard in Resources */,
				C77BB17E23C33B0F00442EB3 /* Assets.xcassets in Resources */,
				C77BB17C23C33B0B00442EB3 /* Main.storyboard in Resources */,
			);
			runOnlyForDeploymentPostprocessing = 0;
		};
/* End PBXResourcesBuildPhase section */

/* Begin PBXSourcesBuildPhase section */
		C77BB16D23C33B0B00442EB3 /* Sources */ = {
			isa = PBXSourcesBuildPhase;
			buildActionMask = 2147483647;
			files = (
				C77BB17923C33B0B00442EB3 /* ViewController.swift in Sources */,
				C77BB17523C33B0B00442EB3 /* AppDelegate.swift in Sources */,
			);
			runOnlyForDeploymentPostprocessing = 0;
		};
/* End PBXSourcesBuildPhase section */

/* Begin PBXVariantGroup section */
		C77BB17A23C33B0B00442EB3 /* Main.storyboard */ = {
			isa = PBXVariantGroup;
			children = (
				C77BB17B23C33B0B00442EB3 /* Base */,
			);
			name = Main.storyboard;
			sourceTree = "<group>";
		};
		C77BB17F23C33B0F00442EB3 /* LaunchScreen.storyboard */ = {
			isa = PBXVariantGroup;
			children = (
				C77BB18023C33B0F00442EB3 /* Base */,
			);
			name = LaunchScreen.storyboard;
			sourceTree = "<group>";
		};
/* End PBXVariantGroup section */

/* Begin XCBuildConfiguration section */
		C77BB18323C33B0F00442EB3 /* Debug */ = {
			isa = XCBuildConfiguration;
			buildSettings = {
				ALWAYS_SEARCH_USER_PATHS = NO;
				CLANG_ANALYZER_NONNULL = YES;
				CLANG_ANALYZER_NUMBER_OBJECT_CONVERSION = YES_AGGRESSIVE;
				CLANG_CXX_LANGUAGE_STANDARD = "gnu++14";
				CLANG_CXX_LIBRARY = "libc++";
				CLANG_ENABLE_MODULES = YES;
				CLANG_ENABLE_OBJC_ARC = YES;
				CLANG_ENABLE_OBJC_WEAK = YES;
				CLANG_WARN_BLOCK_CAPTURE_AUTORELEASING = YES;
				CLANG_WARN_BOOL_CONVERSION = YES;
				CLANG_WARN_COMMA = YES;
				CLANG_WARN_CONSTANT_CONVERSION = YES;
				CLANG_WARN_DEPRECATED_OBJC_IMPLEMENTATIONS = YES;
				CLANG_WARN_DIRECT_OBJC_ISA_USAGE = YES_ERROR;
				CLANG_WARN_DOCUMENTATION_COMMENTS = YES;
				CLANG_WARN_EMPTY_BODY = YES;
				CLANG_WARN_ENUM_CONVERSION = YES;
				CLANG_WARN_INFINITE_RECURSION = YES;
				CLANG_WARN_INT_CONVERSION = YES;
				CLANG_WARN_NON_LITERAL_NULL_CONVERSION = YES;
				CLANG_WARN_OBJC_IMPLICIT_RETAIN_SELF = YES;
				CLANG_WARN_OBJC_LITERAL_CONVERSION = YES;
				CLANG_WARN_OBJC_ROOT_CLASS = YES_ERROR;
				CLANG_WARN_RANGE_LOOP_ANALYSIS = YES;
				CLANG_WARN_STRICT_PROTOTYPES = YES;
				CLANG_WARN_SUSPICIOUS_MOVE = YES;
				CLANG_WARN_UNGUARDED_AVAILABILITY = YES_AGGRESSIVE;
				CLANG_WARN_UNREACHABLE_CODE = YES;
				CLANG_WARN__DUPLICATE_METHOD_MATCH = YES;
				COPY_PHASE_STRIP = NO;
				DEBUG_INFORMATION_FORMAT = dwarf;
				ENABLE_STRICT_OBJC_MSGSEND = YES;
				ENABLE_TESTABILITY = YES;
				GCC_C_LANGUAGE_STANDARD = gnu11;
				GCC_DYNAMIC_NO_PIC = NO;
				GCC_NO_COMMON_BLOCKS = YES;
				GCC_OPTIMIZATION_LEVEL = 0;
				GCC_PREPROCESSOR_DEFINITIONS = (
					"DEBUG=1",
					"$(inherited)",
				);
				GCC_WARN_64_TO_32_BIT_CONVERSION = YES;
				GCC_WARN_ABOUT_RETURN_TYPE = YES_ERROR;
				GCC_WARN_UNDECLARED_SELECTOR = YES;
				GCC_WARN_UNINITIALIZED_AUTOS = YES_AGGRESSIVE;
				GCC_WARN_UNUSED_FUNCTION = YES;
				GCC_WARN_UNUSED_VARIABLE = YES;
				IPHONEOS_DEPLOYMENT_TARGET = 13.2;
				MTL_ENABLE_DEBUG_INFO = INCLUDE_SOURCE;
				MTL_FAST_MATH = YES;
				ONLY_ACTIVE_ARCH = YES;
				SDKROOT = iphoneos;
				SWIFT_ACTIVE_COMPILATION_CONDITIONS = DEBUG;
				SWIFT_OPTIMIZATION_LEVEL = "-Onone";
			};
			name = Debug;
		};
		C77BB18423C33B0F00442EB3 /* Release */ = {
			isa = XCBuildConfiguration;
			buildSettings = {
				ALWAYS_SEARCH_USER_PATHS = NO;
				CLANG_ANALYZER_NONNULL = YES;
				CLANG_ANALYZER_NUMBER_OBJECT_CONVERSION = YES_AGGRESSIVE;
				CLANG_CXX_LANGUAGE_STANDARD = "gnu++14";
				CLANG_CXX_LIBRARY = "libc++";
				CLANG_ENABLE_MODULES = YES;
				CLANG_ENABLE_OBJC_ARC = YES;
				CLANG_ENABLE_OBJC_WEAK = YES;
				CLANG_WARN_BLOCK_CAPTURE_AUTORELEASING = YES;
				CLANG_WARN_BOOL_CONVERSION = YES;
				CLANG_WARN_COMMA = YES;
				CLANG_WARN_CONSTANT_CONVERSION = YES;
				CLANG_WARN_DEPRECATED_OBJC_IMPLEMENTATIONS = YES;
				CLANG_WARN_DIRECT_OBJC_ISA_USAGE = YES_ERROR;
				CLANG_WARN_DOCUMENTATION_COMMENTS = YES;
				CLANG_WARN_EMPTY_BODY = YES;
				CLANG_WARN_ENUM_CONVERSION = YES;
				CLANG_WARN_INFINITE_RECURSION = YES;
				CLANG_WARN_INT_CONVERSION = YES;
				CLANG_WARN_NON_LITERAL_NULL_CONVERSION = YES;
				CLANG_WARN_OBJC_IMPLICIT_RETAIN_SELF = YES;
				CLANG_WARN_OBJC_LITERAL_CONVERSION = YES;
				CLANG_WARN_OBJC_ROOT_CLASS = YES_ERROR;
				CLANG_WARN_RANGE_LOOP_ANALYSIS = YES;
				CLANG_WARN_STRICT_PROTOTYPES = YES;
				CLANG_WARN_SUSPICIOUS_MOVE = YES;
				CLANG_WARN_UNGUARDED_AVAILABILITY = YES_AGGRESSIVE;
				CLANG_WARN_UNREACHABLE_CODE = YES;
				CLANG_WARN__DUPLICATE_METHOD_MATCH = YES;
				COPY_PHASE_STRIP = NO;
				DEBUG_INFORMATION_FORMAT = "dwarf-with-dsym";
				ENABLE_NS_ASSERTIONS = NO;
				ENABLE_STRICT_OBJC_MSGSEND = YES;
				GCC_C_LANGUAGE_STANDARD = gnu11;
				GCC_NO_COMMON_BLOCKS = YES;
				GCC_WARN_64_TO_32_BIT_CONVERSION = YES;
				GCC_WARN_ABOUT_RETURN_TYPE = YES_ERROR;
				GCC_WARN_UNDECLARED_SELECTOR = YES;
				GCC_WARN_UNINITIALIZED_AUTOS = YES_AGGRESSIVE;
				GCC_WARN_UNUSED_FUNCTION = YES;
				GCC_WARN_UNUSED_VARIABLE = YES;
				IPHONEOS_DEPLOYMENT_TARGET = 13.2;
				MTL_ENABLE_DEBUG_INFO = NO;
				MTL_FAST_MATH = YES;
				SDKROOT = iphoneos;
				SWIFT_COMPILATION_MODE = wholemodule;
				SWIFT_OPTIMIZATION_LEVEL = "-O";
				VALIDATE_PRODUCT = YES;
			};
			name = Release;
		};
		C77BB18623C33B0F00442EB3 /* Debug */ = {
			isa = XCBuildConfiguration;
			buildSettings = {
				ASSETCATALOG_COMPILER_APPICON_NAME = AppIcon;
				CODE_SIGN_STYLE = Automatic;
				INFOPLIST_FILE = MagExample/Info.plist;
				LD_RUNPATH_SEARCH_PATHS = (
					"$(inherited)",
					"@executable_path/Frameworks",
				);
				PRODUCT_BUNDLE_IDENTIFIER = jp.co.cyberagent.MagExample;
				PRODUCT_NAME = "$(TARGET_NAME)";
				SWIFT_VERSION = 5.0;
				TARGETED_DEVICE_FAMILY = "1,2";
			};
			name = Debug;
		};
		C77BB18723C33B0F00442EB3 /* Release */ = {
			isa = XCBuildConfiguration;
			buildSettings = {
				ASSETCATALOG_COMPILER_APPICON_NAME = AppIcon;
				CODE_SIGN_STYLE = Automatic;
				INFOPLIST_FILE = MagExample/Info.plist;
				LD_RUNPATH_SEARCH_PATHS = (
					"$(inherited)",
					"@executable_path/Frameworks",
				);
				PRODUCT_BUNDLE_IDENTIFIER = jp.co.cyberagent.MagExample;
				PRODUCT_NAME = "$(TARGET_NAME)";
				SWIFT_VERSION = 5.0;
				TARGETED_DEVICE_FAMILY = "1,2";
			};
			name = Release;
		};
/* End XCBuildConfiguration section */

/* Begin XCConfigurationList section */
		C77BB16C23C33B0B00442EB3 /* Build configuration list for PBXProject "MagExample" */ = {
			isa = XCConfigurationList;
			buildConfigurations = (
				C77BB18323C33B0F00442EB3 /* Debug */,
				C77BB18423C33B0F00442EB3 /* Release */,
			);
			defaultConfigurationIsVisible = 0;
			defaultConfigurationName = Release;
		};
		C77BB18523C33B0F00442EB3 /* Build configuration list for PBXNativeTarget "MagExample" */ = {
			isa = XCConfigurationList;
			buildConfigurations = (
				C77BB18623C33B0F00442EB3 /* Debug */,
				C77BB18723C33B0F00442EB3 /* Release */,
			);
			defaultConfigurationIsVisible = 0;
			defaultConfigurationName = Release;
		};
/* End XCConfigurationList section */
	};
	rootObject = C77BB16923C33B0B00442EB3 /* Project object */;
}
